
Microsoft Visual Studio Solution File, Format Version 12.00
# Visual Studio Version 17
VisualStudioVersion = 17.3.32929.385
MinimumVisualStudioVersion = 10.0.40219.1
Project("{FAE04EC0-301F-11D3-BF4B-00C04F79EFBC}") = "PrsBackendAPI6", "PrsBackendAPI6\PrsBackendAPI6.csproj", "{BE8E5A85-B92E-440B-81F9-F07D7FE32785}"
EndProject
Project("{FAE04EC0-301F-11D3-BF4B-00C04F79EFBC}") = "Contracts", "Contracts\Contracts.csproj", "{C3919618-C8A8-409F-AAE4-A381CEBEDF5B}"
EndProject
Project("{FAE04EC0-301F-11D3-BF4B-00C04F79EFBC}") = "Entities", "Entities\Entities.csproj", "{BCFAC80F-835D-4549-BDDC-BC4326B149BF}"
EndProject
Project("{FAE04EC0-301F-11D3-BF4B-00C04F79EFBC}") = "Repository", "Repository\Repository.csproj", "{727CF343-7AF3-4903-87F4-E5CAC284AF4B}"
EndProject
Project("{FAE04EC0-301F-11D3-BF4B-00C04F79EFBC}") = "Services", "Services\Services.csproj", "{5B585717-BCE6-497D-B87E-F1B950CA8364}"
EndProject
Global
	GlobalSection(SolutionConfigurationPlatforms) = preSolution
		Debug|Any CPU = Debug|Any CPU
		Release|Any CPU = Release|Any CPU
	EndGlobalSection
	GlobalSection(ProjectConfigurationPlatforms) = postSolution
		{BE8E5A85-B92E-440B-81F9-F07D7FE32785}.Debug|Any CPU.ActiveCfg = Debug|Any CPU
		{BE8E5A85-B92E-440B-81F9-F07D7FE32785}.Debug|Any CPU.Build.0 = Debug|Any CPU
		{BE8E5A85-B92E-440B-81F9-F07D7FE32785}.Release|Any CPU.ActiveCfg = Release|Any CPU
		{BE8E5A85-B92E-440B-81F9-F07D7FE32785}.Release|Any CPU.Build.0 = Release|Any CPU
		{C3919618-C8A8-409F-AAE4-A381CEBEDF5B}.Debug|Any CPU.ActiveCfg = Debug|Any CPU
		{C3919618-C8A8-409F-AAE4-A381CEBEDF5B}.Debug|Any CPU.Build.0 = Debug|Any CPU
		{C3919618-C8A8-409F-AAE4-A381CEBEDF5B}.Release|Any CPU.ActiveCfg = Release|Any CPU
		{C3919618-C8A8-409F-AAE4-A381CEBEDF5B}.Release|Any CPU.Build.0 = Release|Any CPU
		{BCFAC80F-835D-4549-BDDC-BC4326B149BF}.Debug|Any CPU.ActiveCfg = Debug|Any CPU
		{BCFAC80F-835D-4549-BDDC-BC4326B149BF}.Debug|Any CPU.Build.0 = Debug|Any CPU
		{BCFAC80F-835D-4549-BDDC-BC4326B149BF}.Release|Any CPU.ActiveCfg = Release|Any CPU
		{BCFAC80F-835D-4549-BDDC-BC4326B149BF}.Release|Any CPU.Build.0 = Release|Any CPU
		{727CF343-7AF3-4903-87F4-E5CAC284AF4B}.Debug|Any CPU.ActiveCfg = Debug|Any CPU
		{727CF343-7AF3-4903-87F4-E5CAC284AF4B}.Debug|Any CPU.Build.0 = Debug|Any CPU
		{727CF343-7AF3-4903-87F4-E5CAC284AF4B}.Release|Any CPU.ActiveCfg = Release|Any CPU
		{727CF343-7AF3-4903-87F4-E5CAC284AF4B}.Release|Any CPU.Build.0 = Release|Any CPU
		{5B585717-BCE6-497D-B87E-F1B950CA8364}.Debug|Any CPU.ActiveCfg = Debug|Any CPU
		{5B585717-BCE6-497D-B87E-F1B950CA8364}.Debug|Any CPU.Build.0 = Debug|Any CPU
		{5B585717-BCE6-497D-B87E-F1B950CA8364}.Release|Any CPU.ActiveCfg = Release|Any CPU
		{5B585717-BCE6-497D-B87E-F1B950CA8364}.Release|Any CPU.Build.0 = Release|Any CPU
	EndGlobalSection
	GlobalSection(SolutionProperties) = preSolution
		HideSolutionNode = FALSE
	EndGlobalSection
	GlobalSection(ExtensibilityGlobals) = postSolution
		SolutionGuid = {F937DD83-1A50-49FE-B4AE-6ABDC7093B27}
	EndGlobalSection
EndGlobal
